Microsoft Visual Studio Solution File, Format Version 11.00
# Visual Studio 2008

Project("{455B9349-BFCA-9E43-55D4-DF0EB6D3B715}") = "Capstone-Monster-Game4:6:14", "Assembly-CSharp-firstpass.csproj", "{47B9C47C-ABAD-71A1-082F-E03C60139FE0}"
EndProject
Project("{455B9349-BFCA-9E43-55D4-DF0EB6D3B715}") = "Capstone-Monster-Game4:6:14", "Assembly-CSharp.csproj", "{4A6037D5-DCFF-5695-A582-402043754306}"
EndProject
Project("{455B9349-BFCA-9E43-55D4-DF0EB6D3B715}") = "Capstone-Monster-Game4:6:14", "Assembly-CSharp-Editor.csproj", "{C41261B3-91AF-2A56-63FA-B047BC4CD93B}"
EndProject
Project("{455B9349-BFCA-9E43-55D4-DF0EB6D3B715}") = "Capstone-Monster-Game4:6:14", "Assembly-UnityScript-firstpass.unityproj", "{E129FFB1-52E7-64F7-12D8-8F23E1DEA205}"
EndProject
Project("{455B9349-BFCA-9E43-55D4-DF0EB6D3B715}") = "Capstone-Monster-Game4:6:14", "Assembly-UnityScript.unityproj", "{3A705E94-A7B6-21D6-D03F-78B4D4645859}"
EndProject
Global
	GlobalSection(SolutionConfigurationPlatforms) = preSolution
		Debug|Any CPU = Debug|Any CPU
		Release|Any CPU = Release|Any CPU
	EndGlobalSection
	GlobalSection(ProjectConfigurationPlatforms) = postSolution
		{47B9C47C-ABAD-71A1-082F-E03C60139FE0}.Debug|Any CPU.ActiveCfg = Debug|Any CPU
		{47B9C47C-ABAD-71A1-082F-E03C60139FE0}.Debug|Any CPU.Build.0 = Debug|Any CPU
		{47B9C47C-ABAD-71A1-082F-E03C60139FE0}.Release|Any CPU.ActiveCfg = Release|Any CPU
		{47B9C47C-ABAD-71A1-082F-E03C60139FE0}.Release|Any CPU.Build.0 = Release|Any CPU
		{4A6037D5-DCFF-5695-A582-402043754306}.Debug|Any CPU.ActiveCfg = Debug|Any CPU
		{4A6037D5-DCFF-5695-A582-402043754306}.Debug|Any CPU.Build.0 = Debug|Any CPU
		{4A6037D5-DCFF-5695-A582-402043754306}.Release|Any CPU.ActiveCfg = Release|Any CPU
		{4A6037D5-DCFF-5695-A582-402043754306}.Release|Any CPU.Build.0 = Release|Any CPU
		{C41261B3-91AF-2A56-63FA-B047BC4CD93B}.Debug|Any CPU.ActiveCfg = Debug|Any CPU
		{C41261B3-91AF-2A56-63FA-B047BC4CD93B}.Debug|Any CPU.Build.0 = Debug|Any CPU
		{C41261B3-91AF-2A56-63FA-B047BC4CD93B}.Release|Any CPU.ActiveCfg = Release|Any CPU
		{C41261B3-91AF-2A56-63FA-B047BC4CD93B}.Release|Any CPU.Build.0 = Release|Any CPU
		{E129FFB1-52E7-64F7-12D8-8F23E1DEA205}.Debug|Any CPU.ActiveCfg = Debug|Any CPU
		{E129FFB1-52E7-64F7-12D8-8F23E1DEA205}.Debug|Any CPU.Build.0 = Debug|Any CPU
		{E129FFB1-52E7-64F7-12D8-8F23E1DEA205}.Release|Any CPU.ActiveCfg = Release|Any CPU
		{E129FFB1-52E7-64F7-12D8-8F23E1DEA205}.Release|Any CPU.Build.0 = Release|Any CPU
		{3A705E94-A7B6-21D6-D03F-78B4D4645859}.Debug|Any CPU.ActiveCfg = Debug|Any CPU
		{3A705E94-A7B6-21D6-D03F-78B4D4645859}.Debug|Any CPU.Build.0 = Debug|Any CPU
		{3A705E94-A7B6-21D6-D03F-78B4D4645859}.Release|Any CPU.ActiveCfg = Release|Any CPU
		{3A705E94-A7B6-21D6-D03F-78B4D4645859}.Release|Any CPU.Build.0 = Release|Any CPU
	EndGlobalSection
	GlobalSection(SolutionProperties) = preSolution
		HideSolutionNode = FALSE
	EndGlobalSection
			GlobalSection(MonoDevelopProperties) = preSolution
		StartupItem = Assembly-CSharp.csproj
		Policies = $0
		$0.TextStylePolicy = $1
		$1.inheritsSet = null
		$1.scope = text/x-csharp
		$0.CSharpFormattingPolicy = $2
		$2.inheritsSet = Mono
		$2.inheritsScope = text/x-csharp
		$2.scope = text/x-csharp
		$0.TextStylePolicy = $3
		$3.FileWidth = 120
		$3.TabWidth = 4
		$3.EolMarker = Unix
		$3.inheritsSet = Mono
		$3.inheritsScope = text/plain
		$3.scope = text/plain
	EndGlobalSection

EndGlobal
